
Microsoft Visual Studio Solution File, Format Version 12.00
# Visual Studio Version 17
VisualStudioVersion = 17.5.33530.505
MinimumVisualStudioVersion = 10.0.40219.1
Project("{9A19103F-16F7-4668-BE54-9A1E7A4F7556}") = "ApptHeroAPI", "ApptHeroAPI\ApptHeroAPI.csproj", "{6BA1E10E-79F0-4C34-9A50-ABC2E1CD3EFA}"
EndProject
Project("{9A19103F-16F7-4668-BE54-9A1E7A4F7556}") = "ApptHeroAPI.Repositories.Abstraction", "ApptHeroAPI.Repositories.Abstraction\ApptHeroAPI.Repositories.Abstraction.csproj", "{4861B56A-7F51-408C-A96A-FA03FF534D34}"
EndProject
Project("{9A19103F-16F7-4668-BE54-9A1E7A4F7556}") = "ApptHeroAPI.Repositories.Context", "ApptHeroAPI.Repositories.Context\ApptHeroAPI.Repositories.Context.csproj", "{CD8A6E96-0CD3-4DD9-8B11-AEDB295208A3}"
EndProject
Project("{9A19103F-16F7-4668-BE54-9A1E7A4F7556}") = "ApptHeroAPI.Repositories.Implementation", "ApptHeroAPI.Repositories.Implementation\ApptHeroAPI.Repositories.Implementation.csproj", "{BCF68A5E-01D9-451A-9E99-BDDC3BF50E81}"
EndProject
Project("{9A19103F-16F7-4668-BE54-9A1E7A4F7556}") = "ApptHeroAPI.Services.Abstraction", "ApptHeroAPI.Services.Abstraction\ApptHeroAPI.Services.Abstraction.csproj", "{6ED507BD-CCF3-45AC-9EE5-1C8981FEBF22}"
EndProject
Project("{9A19103F-16F7-4668-BE54-9A1E7A4F7556}") = "ApptHeroAPI.Services.Implementation", "ApptHeroAPI.Services.Implementation\ApptHeroAPI.Services.Implementation.csproj", "{D70DEB21-2181-471F-B9CF-A63EC54BF3D2}"
EndProject
Project("{9A19103F-16F7-4668-BE54-9A1E7A4F7556}") = "ApptHeroAPI.Common", "ApptHeroAPI.Common\ApptHeroAPI.Common.csproj", "{820D798A-CA4F-4020-8E30-5801EE970994}"
EndProject
Global
	GlobalSection(SolutionConfigurationPlatforms) = preSolution
		Debug|Any CPU = Debug|Any CPU
		Release|Any CPU = Release|Any CPU
	EndGlobalSection
	GlobalSection(ProjectConfigurationPlatforms) = postSolution
		{6BA1E10E-79F0-4C34-9A50-ABC2E1CD3EFA}.Debug|Any CPU.ActiveCfg = Debug|Any CPU
		{6BA1E10E-79F0-4C34-9A50-ABC2E1CD3EFA}.Debug|Any CPU.Build.0 = Debug|Any CPU
		{6BA1E10E-79F0-4C34-9A50-ABC2E1CD3EFA}.Release|Any CPU.ActiveCfg = Release|Any CPU
		{6BA1E10E-79F0-4C34-9A50-ABC2E1CD3EFA}.Release|Any CPU.Build.0 = Release|Any CPU
		{4861B56A-7F51-408C-A96A-FA03FF534D34}.Debug|Any CPU.ActiveCfg = Debug|Any CPU
		{4861B56A-7F51-408C-A96A-FA03FF534D34}.Debug|Any CPU.Build.0 = Debug|Any CPU
		{4861B56A-7F51-408C-A96A-FA03FF534D34}.Release|Any CPU.ActiveCfg = Release|Any CPU
		{4861B56A-7F51-408C-A96A-FA03FF534D34}.Release|Any CPU.Build.0 = Release|Any CPU
		{CD8A6E96-0CD3-4DD9-8B11-AEDB295208A3}.Debug|Any CPU.ActiveCfg = Debug|Any CPU
		{CD8A6E96-0CD3-4DD9-8B11-AEDB295208A3}.Debug|Any CPU.Build.0 = Debug|Any CPU
		{CD8A6E96-0CD3-4DD9-8B11-AEDB295208A3}.Release|Any CPU.ActiveCfg = Release|Any CPU
		{CD8A6E96-0CD3-4DD9-8B11-AEDB295208A3}.Release|Any CPU.Build.0 = Release|Any CPU
		{BCF68A5E-01D9-451A-9E99-BDDC3BF50E81}.Debug|Any CPU.ActiveCfg = Debug|Any CPU
		{BCF68A5E-01D9-451A-9E99-BDDC3BF50E81}.Debug|Any CPU.Build.0 = Debug|Any CPU
		{BCF68A5E-01D9-451A-9E99-BDDC3BF50E81}.Release|Any CPU.ActiveCfg = Release|Any CPU
		{BCF68A5E-01D9-451A-9E99-BDDC3BF50E81}.Release|Any CPU.Build.0 = Release|Any CPU
		{6ED507BD-CCF3-45AC-9EE5-1C8981FEBF22}.Debug|Any CPU.ActiveCfg = Debug|Any CPU
		{6ED507BD-CCF3-45AC-9EE5-1C8981FEBF22}.Debug|Any CPU.Build.0 = Debug|Any CPU
		{6ED507BD-CCF3-45AC-9EE5-1C8981FEBF22}.Release|Any CPU.ActiveCfg = Release|Any CPU
		{6ED507BD-CCF3-45AC-9EE5-1C8981FEBF22}.Release|Any CPU.Build.0 = Release|Any CPU
		{D70DEB21-2181-471F-B9CF-A63EC54BF3D2}.Debug|Any CPU.ActiveCfg = Debug|Any CPU
		{D70DEB21-2181-471F-B9CF-A63EC54BF3D2}.Debug|Any CPU.Build.0 = Debug|Any CPU
		{D70DEB21-2181-471F-B9CF-A63EC54BF3D2}.Release|Any CPU.ActiveCfg = Release|Any CPU
		{D70DEB21-2181-471F-B9CF-A63EC54BF3D2}.Release|Any CPU.Build.0 = Release|Any CPU
		{820D798A-CA4F-4020-8E30-5801EE970994}.Debug|Any CPU.ActiveCfg = Debug|Any CPU
		{820D798A-CA4F-4020-8E30-5801EE970994}.Debug|Any CPU.Build.0 = Debug|Any CPU
		{820D798A-CA4F-4020-8E30-5801EE970994}.Release|Any CPU.ActiveCfg = Release|Any CPU
		{820D798A-CA4F-4020-8E30-5801EE970994}.Release|Any CPU.Build.0 = Release|Any CPU
	EndGlobalSection
	GlobalSection(SolutionProperties) = preSolution
		HideSolutionNode = FALSE
	EndGlobalSection
	GlobalSection(ExtensibilityGlobals) = postSolution
		SolutionGuid = {950AC7AB-A9AC-4D16-9D31-4CC8139E8992}
	EndGlobalSection
EndGlobal
